
Microsoft Visual Studio Solution File, Format Version 12.00
# Visual Studio Version 17
VisualStudioVersion = 17.0.31903.59
MinimumVisualStudioVersion = 10.0.40219.1
Project("{FAE04EC0-301F-11D3-BF4B-00C04F79EFBC}") = "WeatherFetcherApi", "WeatherFetcherApi\WeatherFetcherApi.csproj", "{D5995F9B-7997-4155-8F9B-6CD672670205}"
EndProject
Project("{FAE04EC0-301F-11D3-BF4B-00C04F79EFBC}") = "WeatherFetcherApi.Tests", "WeatherFetcherApi.Tests\WeatherFetcherApi.Tests.csproj", "{DE54697D-C344-4179-9D1C-4BD18E4258CA}"
EndProject
Global
	GlobalSection(SolutionConfigurationPlatforms) = preSolution
		Debug|Any CPU = Debug|Any CPU
		Release|Any CPU = Release|Any CPU
	EndGlobalSection
	GlobalSection(SolutionProperties) = preSolution
		HideSolutionNode = FALSE
	EndGlobalSection
	GlobalSection(ProjectConfigurationPlatforms) = postSolution
		{D5995F9B-7997-4155-8F9B-6CD672670205}.Debug|Any CPU.ActiveCfg = Debug|Any CPU
		{D5995F9B-7997-4155-8F9B-6CD672670205}.Debug|Any CPU.Build.0 = Debug|Any CPU
		{D5995F9B-7997-4155-8F9B-6CD672670205}.Release|Any CPU.ActiveCfg = Release|Any CPU
		{D5995F9B-7997-4155-8F9B-6CD672670205}.Release|Any CPU.Build.0 = Release|Any CPU
		{DE54697D-C344-4179-9D1C-4BD18E4258CA}.Debug|Any CPU.ActiveCfg = Debug|Any CPU
		{DE54697D-C344-4179-9D1C-4BD18E4258CA}.Debug|Any CPU.Build.0 = Debug|Any CPU
		{DE54697D-C344-4179-9D1C-4BD18E4258CA}.Release|Any CPU.ActiveCfg = Release|Any CPU
		{DE54697D-C344-4179-9D1C-4BD18E4258CA}.Release|Any CPU.Build.0 = Release|Any CPU
	EndGlobalSection
EndGlobal
